
Microsoft Visual Studio Solution File, Format Version 12.00
# Visual Studio 15
Project("{FAE04EC0-301F-11D3-BF4B-00C04F79EFBC}") = "PhysSound Project", "Assembly-CSharp.csproj", "{4A1AA08C-44AD-1FA8-C467-12F718933EB0}"
EndProject
Project("{FAE04EC0-301F-11D3-BF4B-00C04F79EFBC}") = "PhysSound Project", "Assembly-CSharp-Editor.csproj", "{05109AD0-3D46-CC6E-D482-1B111E21812C}"
EndProject
Global
	GlobalSection(SolutionConfigurationPlatforms) = preSolution
		Debug|Any CPU = Debug|Any CPU
		Release|Any CPU = Release|Any CPU
	EndGlobalSection
	GlobalSection(ProjectConfigurationPlatforms) = postSolution
		{4A1AA08C-44AD-1FA8-C467-12F718933EB0}.Debug|Any CPU.ActiveCfg = Debug|Any CPU
		{4A1AA08C-44AD-1FA8-C467-12F718933EB0}.Debug|Any CPU.Build.0 = Debug|Any CPU
		{4A1AA08C-44AD-1FA8-C467-12F718933EB0}.Release|Any CPU.ActiveCfg = Release|Any CPU
		{4A1AA08C-44AD-1FA8-C467-12F718933EB0}.Release|Any CPU.Build.0 = Release|Any CPU
		{05109AD0-3D46-CC6E-D482-1B111E21812C}.Debug|Any CPU.ActiveCfg = Debug|Any CPU
		{05109AD0-3D46-CC6E-D482-1B111E21812C}.Debug|Any CPU.Build.0 = Debug|Any CPU
		{05109AD0-3D46-CC6E-D482-1B111E21812C}.Release|Any CPU.ActiveCfg = Release|Any CPU
		{05109AD0-3D46-CC6E-D482-1B111E21812C}.Release|Any CPU.Build.0 = Release|Any CPU
	EndGlobalSection
	GlobalSection(SolutionProperties) = preSolution
		HideSolutionNode = FALSE
	EndGlobalSection
EndGlobal
